
Microsoft Visual Studio Solution File, Format Version 12.00
# Visual Studio Version 17
VisualStudioVersion = 17.2.32616.157
MinimumVisualStudioVersion = 10.0.40219.1
Project("{FAE04EC0-301F-11D3-BF4B-00C04F79EFBC}") = "WebAPI", "WebAPI\WebAPI.csproj", "{4B75D0C3-B685-4CDD-993B-35C99FA95890}"
EndProject
Project("{FAE04EC0-301F-11D3-BF4B-00C04F79EFBC}") = "Client", "Client\Client.csproj", "{2C24288D-B09D-4C34-96D3-0DEECDE0E3BD}"
EndProject
Global
	GlobalSection(SolutionConfigurationPlatforms) = preSolution
		Debug|Any CPU = Debug|Any CPU
		Release|Any CPU = Release|Any CPU
	EndGlobalSection
	GlobalSection(ProjectConfigurationPlatforms) = postSolution
		{4B75D0C3-B685-4CDD-993B-35C99FA95890}.Debug|Any CPU.ActiveCfg = Debug|Any CPU
		{4B75D0C3-B685-4CDD-993B-35C99FA95890}.Debug|Any CPU.Build.0 = Debug|Any CPU
		{4B75D0C3-B685-4CDD-993B-35C99FA95890}.Release|Any CPU.ActiveCfg = Release|Any CPU
		{4B75D0C3-B685-4CDD-993B-35C99FA95890}.Release|Any CPU.Build.0 = Release|Any CPU
		{2C24288D-B09D-4C34-96D3-0DEECDE0E3BD}.Debug|Any CPU.ActiveCfg = Debug|Any CPU
		{2C24288D-B09D-4C34-96D3-0DEECDE0E3BD}.Debug|Any CPU.Build.0 = Debug|Any CPU
		{2C24288D-B09D-4C34-96D3-0DEECDE0E3BD}.Release|Any CPU.ActiveCfg = Release|Any CPU
		{2C24288D-B09D-4C34-96D3-0DEECDE0E3BD}.Release|Any CPU.Build.0 = Release|Any CPU
	EndGlobalSection
	GlobalSection(SolutionProperties) = preSolution
		HideSolutionNode = FALSE
	EndGlobalSection
	GlobalSection(ExtensibilityGlobals) = postSolution
		SolutionGuid = {3B905535-4B43-4E13-A5BD-D399F7F15DDD}
	EndGlobalSection
EndGlobal
